{
  "projects": [
    {
      "projectId": "2ew29zVUVzMA97Y9ABseMT",
      "version": "latest",
      "dependencies": {
        "ohDidvG9XsCeFumugENU3J": "6.19.0",
        "jkU633o1Cz7HrJdwdxhVHk": "16.6.0"
      },
      "lang": "ts",
      "fileLocks": [
        {
          "type": "globalVariant",
          "assetId": "_N8Y_PEM9KY5",
          "checksum": "5808069b6ec41ef4c7e6866335ad7583"
        },
        {
          "type": "renderModule",
          "assetId": "ohWMaEJ19CUy",
          "checksum": "3e051bd44a37483fe3f5ac6a16f0d921"
        },
        {
          "type": "cssRules",
          "assetId": "ohWMaEJ19CUy",
          "checksum": "3e051bd44a37483fe3f5ac6a16f0d921"
        },
        {
          "type": "renderModule",
          "assetId": "em5pq9h6I4kZ",
          "checksum": "12e255fd7dd151d2545338093978866c"
        },
        {
          "type": "cssRules",
          "assetId": "em5pq9h6I4kZ",
          "checksum": "12e255fd7dd151d2545338093978866c"
        },
        {
          "type": "icon",
          "assetId": "Es-5lQExrotj",
          "checksum": "329c2089a87eb46316edbb1c10d52da3"
        },
        {
          "type": "icon",
          "assetId": "zSVwiWK321sa",
          "checksum": "dc9ae7e08dc26dd3dea7d46f08a276fd"
        },
        {
          "type": "icon",
          "assetId": "-JfCsW-711Jl",
          "checksum": "8433395628fd5a4ad9bddcab43e33d8b"
        },
        {
          "type": "icon",
          "assetId": "JXK0jmgzWqwt",
          "checksum": "86a2405472e1fb1716c993b6ff2cecad"
        },
        {
          "type": "icon",
          "assetId": "r4BIBDj6SIyo",
          "checksum": "0d27c2972bde732274beddd9f189df33"
        },
        {
          "type": "image",
          "assetId": "Ym70_qpfROWY",
          "checksum": "3f855f8085d4551bc66390de02cd514c"
        },
        {
          "type": "image",
          "assetId": "Kr_apcaQq4IR",
          "checksum": "e0c004743ea2e8d223ecb4e23e0b3b91"
        },
        {
          "type": "image",
          "assetId": "RafZFfvOK160",
          "checksum": "a1585427f601720c88e978e0901abb14"
        },
        {
          "type": "renderModule",
          "assetId": "FjW2-b9kQnJx",
          "checksum": "1f63127d34037d1726c5c0147ca4922a"
        },
        {
          "type": "cssRules",
          "assetId": "FjW2-b9kQnJx",
          "checksum": "1f63127d34037d1726c5c0147ca4922a"
        },
        {
          "type": "renderModule",
          "assetId": "7NXgpPzYmcyQ",
          "checksum": "b6156c1861ca5008c334778ec53b76b2"
        },
        {
          "type": "cssRules",
          "assetId": "7NXgpPzYmcyQ",
          "checksum": "b6156c1861ca5008c334778ec53b76b2"
        },
        {
          "assetId": "2ew29zVUVzMA97Y9ABseMT",
          "checksum": "9cf12ba7b99b8c85d1fa749c3d6a21a6",
          "type": "globalContexts"
        },
        {
          "assetId": "2ew29zVUVzMA97Y9ABseMT",
          "type": "projectCss",
          "checksum": "9305deffec9ad7ea98ec03eaa21f775c"
        }
      ],
      "codegenVersion": "0.0.1"
    },
    {
      "projectId": "jkU633o1Cz7HrJdwdxhVHk",
      "version": "16.6.0",
      "dependencies": {},
      "lang": "ts",
      "fileLocks": [
        {
          "assetId": "jkU633o1Cz7HrJdwdxhVHk",
          "type": "projectCss",
          "checksum": "0581d4378bb1604bb5fe3f65bb0a37de"
        }
      ],
      "codegenVersion": "0.0.1"
    },
    {
      "projectId": "ohDidvG9XsCeFumugENU3J",
      "version": "6.19.0",
      "dependencies": {},
      "lang": "ts",
      "fileLocks": [
        {
          "assetId": "ohDidvG9XsCeFumugENU3J",
          "checksum": "de0a0e65174a6a185a8f822af51c6bdd",
          "type": "globalContexts"
        },
        {
          "assetId": "ohDidvG9XsCeFumugENU3J",
          "type": "projectCss",
          "checksum": "fd83b730367fdbde2c69bc6cf31c2a3c"
        }
      ],
      "codegenVersion": "0.0.1"
    }
  ],
  "cliVersion": "0.1.325"
}
